// !$*UTF8*$!
{
	archiveVersion = 1;
	classes = {
	};
	objectVersion = 56;
	objects = {

/* Begin PBXBuildFile section */
		71C0B73A2BA11B9C0080349A /* LoveIsBlindApp.swift in Sources */ = {isa = PBXBuildFile; fileRef = 71C0B7392BA11B9C0080349A /* LoveIsBlindApp.swift */; };
		71C0B73C2BA11B9C0080349A /* ContentView.swift in Sources */ = {isa = PBXBuildFile; fileRef = 71C0B73B2BA11B9C0080349A /* ContentView.swift */; };
		71C0B73E2BA11B9F0080349A /* Assets.xcassets in Resources */ = {isa = PBXBuildFile; fileRef = 71C0B73D2BA11B9F0080349A /* Assets.xcassets */; };
		71C0B7412BA11B9F0080349A /* Preview Assets.xcassets in Resources */ = {isa = PBXBuildFile; fileRef = 71C0B7402BA11B9F0080349A /* Preview Assets.xcassets */; };
		71C0B74B2BA11BA00080349A /* LoveIsBlindTests.swift in Sources */ = {isa = PBXBuildFile; fileRef = 71C0B74A2BA11BA00080349A /* LoveIsBlindTests.swift */; };
		71C0B7552BA11BA00080349A /* LoveIsBlindUITests.swift in Sources */ = {isa = PBXBuildFile; fileRef = 71C0B7542BA11BA00080349A /* LoveIsBlindUITests.swift */; };
		71C0B7572BA11BA00080349A /* LoveIsBlindUITestsLaunchTests.swift in Sources */ = {isa = PBXBuildFile; fileRef = 71C0B7562BA11BA00080349A /* LoveIsBlindUITestsLaunchTests.swift */; };
		71C0B7642BA11C4F0080349A /* GoogleService-Info.plist in Resources */ = {isa = PBXBuildFile; fileRef = 71C0B7632BA11C4E0080349A /* GoogleService-Info.plist */; };
		71C0B7672BA11D640080349A /* FirebaseAnalytics in Frameworks */ = {isa = PBXBuildFile; productRef = 71C0B7662BA11D640080349A /* FirebaseAnalytics */; };
		71C0B7692BA11D640080349A /* FirebaseAnalyticsOnDeviceConversion in Frameworks */ = {isa = PBXBuildFile; productRef = 71C0B7682BA11D640080349A /* FirebaseAnalyticsOnDeviceConversion */; };
		71C0B76B2BA11D640080349A /* FirebaseAnalyticsWithoutAdIdSupport in Frameworks */ = {isa = PBXBuildFile; productRef = 71C0B76A2BA11D640080349A /* FirebaseAnalyticsWithoutAdIdSupport */; };
		71C0B76D2BA11D640080349A /* FirebaseAuth in Frameworks */ = {isa = PBXBuildFile; productRef = 71C0B76C2BA11D640080349A /* FirebaseAuth */; };
		71C0B76F2BA11D640080349A /* FirebaseAuthCombine-Community in Frameworks */ = {isa = PBXBuildFile; productRef = 71C0B76E2BA11D640080349A /* FirebaseAuthCombine-Community */; };
		71C0B7712BA11D640080349A /* FirebaseDatabase in Frameworks */ = {isa = PBXBuildFile; productRef = 71C0B7702BA11D640080349A /* FirebaseDatabase */; };
		71C0B7732BA11D640080349A /* FirebaseDatabaseSwift in Frameworks */ = {isa = PBXBuildFile; productRef = 71C0B7722BA11D640080349A /* FirebaseDatabaseSwift */; };
		71C0B7752BA11D640080349A /* FirebaseFirestore in Frameworks */ = {isa = PBXBuildFile; productRef = 71C0B7742BA11D640080349A /* FirebaseFirestore */; };
		71C0B7772BA11D640080349A /* FirebaseFirestoreCombine-Community in Frameworks */ = {isa = PBXBuildFile; productRef = 71C0B7762BA11D640080349A /* FirebaseFirestoreCombine-Community */; };
		71C0B7792BA11D640080349A /* FirebaseFirestoreSwift in Frameworks */ = {isa = PBXBuildFile; productRef = 71C0B7782BA11D640080349A /* FirebaseFirestoreSwift */; };
		71C0B77B2BA11D640080349A /* FirebaseInAppMessaging-Beta in Frameworks */ = {isa = PBXBuildFile; productRef = 71C0B77A2BA11D640080349A /* FirebaseInAppMessaging-Beta */; };
		71C0B77D2BA11D640080349A /* FirebaseInAppMessagingSwift-Beta in Frameworks */ = {isa = PBXBuildFile; productRef = 71C0B77C2BA11D640080349A /* FirebaseInAppMessagingSwift-Beta */; };
		71C0B77F2BA11D640080349A /* FirebaseMessaging in Frameworks */ = {isa = PBXBuildFile; productRef = 71C0B77E2BA11D640080349A /* FirebaseMessaging */; };
		71C0B7812BA11D640080349A /* FirebaseStorage in Frameworks */ = {isa = PBXBuildFile; productRef = 71C0B7802BA11D640080349A /* FirebaseStorage */; };
		71C0B7832BA11D640080349A /* FirebaseStorageCombine-Community in Frameworks */ = {isa = PBXBuildFile; productRef = 71C0B7822BA11D640080349A /* FirebaseStorageCombine-Community */; };
/* End PBXBuildFile section */

/* Begin PBXContainerItemProxy section */
		71C0B7472BA11BA00080349A /* PBXContainerItemProxy */ = {
			isa = PBXContainerItemProxy;
			containerPortal = 71C0B72E2BA11B9C0080349A /* Project object */;
			proxyType = 1;
			remoteGlobalIDString = 71C0B7352BA11B9C0080349A;
			remoteInfo = LoveIsBlind;
		};
		71C0B7512BA11BA00080349A /* PBXContainerItemProxy */ = {
			isa = PBXContainerItemProxy;
			containerPortal = 71C0B72E2BA11B9C0080349A /* Project object */;
			proxyType = 1;
			remoteGlobalIDString = 71C0B7352BA11B9C0080349A;
			remoteInfo = LoveIsBlind;
		};
/* End PBXContainerItemProxy section */

/* Begin PBXFileReference section */
		71C0B7362BA11B9C0080349A /* LoveIsBlind.app */ = {isa = PBXFileReference; explicitFileType = wrapper.application; includeInIndex = 0; path = LoveIsBlind.app; sourceTree = BUILT_PRODUCTS_DIR; };
		71C0B7392BA11B9C0080349A /* LoveIsBlindApp.swift */ = {isa = PBXFileReference; lastKnownFileType = sourcecode.swift; path = LoveIsBlindApp.swift; sourceTree = "<group>"; };
		71C0B73B2BA11B9C0080349A /* ContentView.swift */ = {isa = PBXFileReference; lastKnownFileType = sourcecode.swift; path = ContentView.swift; sourceTree = "<group>"; };
		71C0B73D2BA11B9F0080349A /* Assets.xcassets */ = {isa = PBXFileReference; lastKnownFileType = folder.assetcatalog; path = Assets.xcassets; sourceTree = "<group>"; };
		71C0B7402BA11B9F0080349A /* Preview Assets.xcassets */ = {isa = PBXFileReference; lastKnownFileType = folder.assetcatalog; path = "Preview Assets.xcassets"; sourceTree = "<group>"; };
		71C0B7462BA11BA00080349A /* LoveIsBlindTests.xctest */ = {isa = PBXFileReference; explicitFileType = wrapper.cfbundle; includeInIndex = 0; path = LoveIsBlindTests.xctest; sourceTree = BUILT_PRODUCTS_DIR; };
		71C0B74A2BA11BA00080349A /* LoveIsBlindTests.swift */ = {isa = PBXFileReference; lastKnownFileType = sourcecode.swift; path = LoveIsBlindTests.swift; sourceTree = "<group>"; };
		71C0B7502BA11BA00080349A /* LoveIsBlindUITests.xctest */ = {isa = PBXFileReference; explicitFileType = wrapper.cfbundle; includeInIndex = 0; path = LoveIsBlindUITests.xctest; sourceTree = BUILT_PRODUCTS_DIR; };
		71C0B7542BA11BA00080349A /* LoveIsBlindUITests.swift */ = {isa = PBXFileReference; lastKnownFileType = sourcecode.swift; path = LoveIsBlindUITests.swift; sourceTree = "<group>"; };
		71C0B7562BA11BA00080349A /* LoveIsBlindUITestsLaunchTests.swift */ = {isa = PBXFileReference; lastKnownFileType = sourcecode.swift; path = LoveIsBlindUITestsLaunchTests.swift; sourceTree = "<group>"; };
		71C0B7632BA11C4E0080349A /* GoogleService-Info.plist */ = {isa = PBXFileReference; fileEncoding = 4; lastKnownFileType = text.plist.xml; path = "GoogleService-Info.plist"; sourceTree = "<group>"; };
/* End PBXFileReference section */

/* Begin PBXFrameworksBuildPhase section */
		71C0B7332BA11B9C0080349A /* Frameworks */ = {
			isa = PBXFrameworksBuildPhase;
			buildActionMask = 2147483647;
			files = (
				71C0B7732BA11D640080349A /* FirebaseDatabaseSwift in Frameworks */,
				71C0B7712BA11D640080349A /* FirebaseDatabase in Frameworks */,
				71C0B7672BA11D640080349A /* FirebaseAnalytics in Frameworks */,
				71C0B7772BA11D640080349A /* FirebaseFirestoreCombine-Community in Frameworks */,
				71C0B76B2BA11D640080349A /* FirebaseAnalyticsWithoutAdIdSupport in Frameworks */,
				71C0B7792BA11D640080349A /* FirebaseFirestoreSwift in Frameworks */,
				71C0B77B2BA11D640080349A /* FirebaseInAppMessaging-Beta in Frameworks */,
				71C0B7832BA11D640080349A /* FirebaseStorageCombine-Community in Frameworks */,
				71C0B7692BA11D640080349A /* FirebaseAnalyticsOnDeviceConversion in Frameworks */,
				71C0B77F2BA11D640080349A /* FirebaseMessaging in Frameworks */,
				71C0B7752BA11D640080349A /* FirebaseFirestore in Frameworks */,
				71C0B76D2BA11D640080349A /* FirebaseAuth in Frameworks */,
				71C0B7812BA11D640080349A /* FirebaseStorage in Frameworks */,
				71C0B77D2BA11D640080349A /* FirebaseInAppMessagingSwift-Beta in Frameworks */,
				71C0B76F2BA11D640080349A /* FirebaseAuthCombine-Community in Frameworks */,
			);
			runOnlyForDeploymentPostprocessing = 0;
		};
		71C0B7432BA11BA00080349A /* Frameworks */ = {
			isa = PBXFrameworksBuildPhase;
			buildActionMask = 2147483647;
			files = (
			);
			runOnlyForDeploymentPostprocessing = 0;
		};
		71C0B74D2BA11BA00080349A /* Frameworks */ = {
			isa = PBXFrameworksBuildPhase;
			buildActionMask = 2147483647;
			files = (
			);
			runOnlyForDeploymentPostprocessing = 0;
		};
/* End PBXFrameworksBuildPhase section */

/* Begin PBXGroup section */
		71C0B72D2BA11B9C0080349A = {
			isa = PBXGroup;
			children = (
				71C0B7632BA11C4E0080349A /* GoogleService-Info.plist */,
				71C0B7382BA11B9C0080349A /* LoveIsBlind */,
				71C0B7492BA11BA00080349A /* LoveIsBlindTests */,
				71C0B7532BA11BA00080349A /* LoveIsBlindUITests */,
				71C0B7372BA11B9C0080349A /* Products */,
			);
			sourceTree = "<group>";
		};
		71C0B7372BA11B9C0080349A /* Products */ = {
			isa = PBXGroup;
			children = (
				71C0B7362BA11B9C0080349A /* LoveIsBlind.app */,
				71C0B7462BA11BA00080349A /* LoveIsBlindTests.xctest */,
				71C0B7502BA11BA00080349A /* LoveIsBlindUITests.xctest */,
			);
			name = Products;
			sourceTree = "<group>";
		};
		71C0B7382BA11B9C0080349A /* LoveIsBlind */ = {
			isa = PBXGroup;
			children = (
				71C0B7392BA11B9C0080349A /* LoveIsBlindApp.swift */,
				71C0B73B2BA11B9C0080349A /* ContentView.swift */,
				71C0B73D2BA11B9F0080349A /* Assets.xcassets */,
				71C0B73F2BA11B9F0080349A /* Preview Content */,
			);
			path = LoveIsBlind;
			sourceTree = "<group>";
		};
		71C0B73F2BA11B9F0080349A /* Preview Content */ = {
			isa = PBXGroup;
			children = (
				71C0B7402BA11B9F0080349A /* Preview Assets.xcassets */,
			);
			path = "Preview Content";
			sourceTree = "<group>";
		};
		71C0B7492BA11BA00080349A /* LoveIsBlindTests */ = {
			isa = PBXGroup;
			children = (
				71C0B74A2BA11BA00080349A /* LoveIsBlindTests.swift */,
			);
			path = LoveIsBlindTests;
			sourceTree = "<group>";
		};
		71C0B7532BA11BA00080349A /* LoveIsBlindUITests */ = {
			isa = PBXGroup;
			children = (
				71C0B7542BA11BA00080349A /* LoveIsBlindUITests.swift */,
				71C0B7562BA11BA00080349A /* LoveIsBlindUITestsLaunchTests.swift */,
			);
			path = LoveIsBlindUITests;
			sourceTree = "<group>";
		};
/* End PBXGroup section */

/* Begin PBXNativeTarget section */
		71C0B7352BA11B9C0080349A /* LoveIsBlind */ = {
			isa = PBXNativeTarget;
			buildConfigurationList = 71C0B75A2BA11BA00080349A /* Build configuration list for PBXNativeTarget "LoveIsBlind" */;
			buildPhases = (
				71C0B7322BA11B9C0080349A /* Sources */,
				71C0B7332BA11B9C0080349A /* Frameworks */,
				71C0B7342BA11B9C0080349A /* Resources */,
			);
			buildRules = (
			);
			dependencies = (
			);
			name = LoveIsBlind;
			packageProductDependencies = (
				71C0B7662BA11D640080349A /* FirebaseAnalytics */,
				71C0B7682BA11D640080349A /* FirebaseAnalyticsOnDeviceConversion */,
				71C0B76A2BA11D640080349A /* FirebaseAnalyticsWithoutAdIdSupport */,
				71C0B76C2BA11D640080349A /* FirebaseAuth */,
				71C0B76E2BA11D640080349A /* FirebaseAuthCombine-Community */,
				71C0B7702BA11D640080349A /* FirebaseDatabase */,
				71C0B7722BA11D640080349A /* FirebaseDatabaseSwift */,
				71C0B7742BA11D640080349A /* FirebaseFirestore */,
				71C0B7762BA11D640080349A /* FirebaseFirestoreCombine-Community */,
				71C0B7782BA11D640080349A /* FirebaseFirestoreSwift */,
				71C0B77A2BA11D640080349A /* FirebaseInAppMessaging-Beta */,
				71C0B77C2BA11D640080349A /* FirebaseInAppMessagingSwift-Beta */,
				71C0B77E2BA11D640080349A /* FirebaseMessaging */,
				71C0B7802BA11D640080349A /* FirebaseStorage */,
				71C0B7822BA11D640080349A /* FirebaseStorageCombine-Community */,
			);
			productName = LoveIsBlind;
			productReference = 71C0B7362BA11B9C0080349A /* LoveIsBlind.app */;
			productType = "com.apple.product-type.application";
		};
		71C0B7452BA11BA00080349A /* LoveIsBlindTests */ = {
			isa = PBXNativeTarget;
			buildConfigurationList = 71C0B75D2BA11BA00080349A /* Build configuration list for PBXNativeTarget "LoveIsBlindTests" */;
			buildPhases = (
				71C0B7422BA11BA00080349A /* Sources */,
				71C0B7432BA11BA00080349A /* Frameworks */,
				71C0B7442BA11BA00080349A /* Resources */,
			);
			buildRules = (
			);
			dependencies = (
				71C0B7482BA11BA00080349A /* PBXTargetDependency */,
			);
			name = LoveIsBlindTests;
			productName = LoveIsBlindTests;
			productReference = 71C0B7462BA11BA00080349A /* LoveIsBlindTests.xctest */;
			productType = "com.apple.product-type.bundle.unit-test";
		};
		71C0B74F2BA11BA00080349A /* LoveIsBlindUITests */ = {
			isa = PBXNativeTarget;
			buildConfigurationList = 71C0B7602BA11BA00080349A /* Build configuration list for PBXNativeTarget "LoveIsBlindUITests" */;
			buildPhases = (
				71C0B74C2BA11BA00080349A /* Sources */,
				71C0B74D2BA11BA00080349A /* Frameworks */,
				71C0B74E2BA11BA00080349A /* Resources */,
			);
			buildRules = (
			);
			dependencies = (
				71C0B7522BA11BA00080349A /* PBXTargetDependency */,
			);
			name = LoveIsBlindUITests;
			productName = LoveIsBlindUITests;
			productReference = 71C0B7502BA11BA00080349A /* LoveIsBlindUITests.xctest */;
			productType = "com.apple.product-type.bundle.ui-testing";
		};
/* End PBXNativeTarget section */

/* Begin PBXProject section */
		71C0B72E2BA11B9C0080349A /* Project object */ = {
			isa = PBXProject;
			attributes = {
				BuildIndependentTargetsInParallel = 1;
				LastSwiftUpdateCheck = 1520;
				LastUpgradeCheck = 1520;
				TargetAttributes = {
					71C0B7352BA11B9C0080349A = {
						CreatedOnToolsVersion = 15.2;
					};
					71C0B7452BA11BA00080349A = {
						CreatedOnToolsVersion = 15.2;
						TestTargetID = 71C0B7352BA11B9C0080349A;
					};
					71C0B74F2BA11BA00080349A = {
						CreatedOnToolsVersion = 15.2;
						TestTargetID = 71C0B7352BA11B9C0080349A;
					};
				};
			};
			buildConfigurationList = 71C0B7312BA11B9C0080349A /* Build configuration list for PBXProject "LoveIsBlind" */;
			compatibilityVersion = "Xcode 14.0";
			developmentRegion = en;
			hasScannedForEncodings = 0;
			knownRegions = (
				en,
				Base,
			);
			mainGroup = 71C0B72D2BA11B9C0080349A;
			packageReferences = (
				71C0B7652BA11D640080349A /* XCRemoteSwiftPackageReference "firebase-ios-sdk" */,
			);
			productRefGroup = 71C0B7372BA11B9C0080349A /* Products */;
			projectDirPath = "";
			projectRoot = "";
			targets = (
				71C0B7352BA11B9C0080349A /* LoveIsBlind */,
				71C0B7452BA11BA00080349A /* LoveIsBlindTests */,
				71C0B74F2BA11BA00080349A /* LoveIsBlindUITests */,
			);
		};
/* End PBXProject section */

/* Begin PBXResourcesBuildPhase section */
		71C0B7342BA11B9C0080349A /* Resources */ = {
			isa = PBXResourcesBuildPhase;
			buildActionMask = 2147483647;
			files = (
				71C0B7412BA11B9F0080349A /* Preview Assets.xcassets in Resources */,
				71C0B73E2BA11B9F0080349A /* Assets.xcassets in Resources */,
				71C0B7642BA11C4F0080349A /* GoogleService-Info.plist in Resources */,
			);
			runOnlyForDeploymentPostprocessing = 0;
		};
		71C0B7442BA11BA00080349A /* Resources */ = {
			isa = PBXResourcesBuildPhase;
			buildActionMask = 2147483647;
			files = (
			);
			runOnlyForDeploymentPostprocessing = 0;
		};
		71C0B74E2BA11BA00080349A /* Resources */ = {
			isa = PBXResourcesBuildPhase;
			buildActionMask = 2147483647;
			files = (
			);
			runOnlyForDeploymentPostprocessing = 0;
		};
/* End PBXResourcesBuildPhase section */

/* Begin PBXSourcesBuildPhase section */
		71C0B7322BA11B9C0080349A /* Sources */ = {
			isa = PBXSourcesBuildPhase;
			buildActionMask = 2147483647;
			files = (
				71C0B73C2BA11B9C0080349A /* ContentView.swift in Sources */,
				71C0B73A2BA11B9C0080349A /* LoveIsBlindApp.swift in Sources */,
			);
			runOnlyForDeploymentPostprocessing = 0;
		};
		71C0B7422BA11BA00080349A /* Sources */ = {
			isa = PBXSourcesBuildPhase;
			buildActionMask = 2147483647;
			files = (
				71C0B74B2BA11BA00080349A /* LoveIsBlindTests.swift in Sources */,
			);
			runOnlyForDeploymentPostprocessing = 0;
		};
		71C0B74C2BA11BA00080349A /* Sources */ = {
			isa = PBXSourcesBuildPhase;
			buildActionMask = 2147483647;
			files = (
				71C0B7572BA11BA00080349A /* LoveIsBlindUITestsLaunchTests.swift in Sources */,
				71C0B7552BA11BA00080349A /* LoveIsBlindUITests.swift in Sources */,
			);
			runOnlyForDeploymentPostprocessing = 0;
		};
/* End PBXSourcesBuildPhase section */

/* Begin PBXTargetDependency section */
		71C0B7482BA11BA00080349A /* PBXTargetDependency */ = {
			isa = PBXTargetDependency;
			target = 71C0B7352BA11B9C0080349A /* LoveIsBlind */;
			targetProxy = 71C0B7472BA11BA00080349A /* PBXContainerItemProxy */;
		};
		71C0B7522BA11BA00080349A /* PBXTargetDependency */ = {
			isa = PBXTargetDependency;
			target = 71C0B7352BA11B9C0080349A /* LoveIsBlind */;
			targetProxy = 71C0B7512BA11BA00080349A /* PBXContainerItemProxy */;
		};
/* End PBXTargetDependency section */

/* Begin XCBuildConfiguration section */
		71C0B7582BA11BA00080349A /* Debug */ = {
			isa = XCBuildConfiguration;
			buildSettings = {
				ALWAYS_SEARCH_USER_PATHS = NO;
				ASSETCATALOG_COMPILER_GENERATE_SWIFT_ASSET_SYMBOL_EXTENSIONS = YES;
				CLANG_ANALYZER_NONNULL = YES;
				CLANG_ANALYZER_NUMBER_OBJECT_CONVERSION = YES_AGGRESSIVE;
				CLANG_CXX_LANGUAGE_STANDARD = "gnu++20";
				CLANG_ENABLE_MODULES = YES;
				CLANG_ENABLE_OBJC_ARC = YES;
				CLANG_ENABLE_OBJC_WEAK = YES;
				CLANG_WARN_BLOCK_CAPTURE_AUTORELEASING = YES;
				CLANG_WARN_BOOL_CONVERSION = YES;
				CLANG_WARN_COMMA = YES;
				CLANG_WARN_CONSTANT_CONVERSION = YES;
				CLANG_WARN_DEPRECATED_OBJC_IMPLEMENTATIONS = YES;
				CLANG_WARN_DIRECT_OBJC_ISA_USAGE = YES_ERROR;
				CLANG_WARN_DOCUMENTATION_COMMENTS = YES;
				CLANG_WARN_EMPTY_BODY = YES;
				CLANG_WARN_ENUM_CONVERSION = YES;
				CLANG_WARN_INFINITE_RECURSION = YES;
				CLANG_WARN_INT_CONVERSION = YES;
				CLANG_WARN_NON_LITERAL_NULL_CONVERSION = YES;
				CLANG_WARN_OBJC_IMPLICIT_RETAIN_SELF = YES;
				CLANG_WARN_OBJC_LITERAL_CONVERSION = YES;
				CLANG_WARN_OBJC_ROOT_CLASS = YES_ERROR;
				CLANG_WARN_QUOTED_INCLUDE_IN_FRAMEWORK_HEADER = YES;
				CLANG_WARN_RANGE_LOOP_ANALYSIS = YES;
				CLANG_WARN_STRICT_PROTOTYPES = YES;
				CLANG_WARN_SUSPICIOUS_MOVE = YES;
				CLANG_WARN_UNGUARDED_AVAILABILITY = YES_AGGRESSIVE;
				CLANG_WARN_UNREACHABLE_CODE = YES;
				CLANG_WARN__DUPLICATE_METHOD_MATCH = YES;
				COPY_PHASE_STRIP = NO;
				DEBUG_INFORMATION_FORMAT = dwarf;
				ENABLE_STRICT_OBJC_MSGSEND = YES;
				ENABLE_TESTABILITY = YES;
				ENABLE_USER_SCRIPT_SANDBOXING = YES;
				GCC_C_LANGUAGE_STANDARD = gnu17;
				GCC_DYNAMIC_NO_PIC = NO;
				GCC_NO_COMMON_BLOCKS = YES;
				GCC_OPTIMIZATION_LEVEL = 0;
				GCC_PREPROCESSOR_DEFINITIONS = (
					"DEBUG=1",
					"$(inherited)",
				);
				GCC_WARN_64_TO_32_BIT_CONVERSION = YES;
				GCC_WARN_ABOUT_RETURN_TYPE = YES_ERROR;
				GCC_WARN_UNDECLARED_SELECTOR = YES;
				GCC_WARN_UNINITIALIZED_AUTOS = YES_AGGRESSIVE;
				GCC_WARN_UNUSED_FUNCTION = YES;
				GCC_WARN_UNUSED_VARIABLE = YES;
				IPHONEOS_DEPLOYMENT_TARGET = 17.2;
				LOCALIZATION_PREFERS_STRING_CATALOGS = YES;
				MTL_ENABLE_DEBUG_INFO = INCLUDE_SOURCE;
				MTL_FAST_MATH = YES;
				ONLY_ACTIVE_ARCH = YES;
				SDKROOT = iphoneos;
				SWIFT_ACTIVE_COMPILATION_CONDITIONS = "DEBUG $(inherited)";
				SWIFT_OPTIMIZATION_LEVEL = "-Onone";
			};
			name = Debug;
		};
		71C0B7592BA11BA00080349A /* Release */ = {
			isa = XCBuildConfiguration;
			buildSettings = {
				ALWAYS_SEARCH_USER_PATHS = NO;
				ASSETCATALOG_COMPILER_GENERATE_SWIFT_ASSET_SYMBOL_EXTENSIONS = YES;
				CLANG_ANALYZER_NONNULL = YES;
				CLANG_ANALYZER_NUMBER_OBJECT_CONVERSION = YES_AGGRESSIVE;
				CLANG_CXX_LANGUAGE_STANDARD = "gnu++20";
				CLANG_ENABLE_MODULES = YES;
				CLANG_ENABLE_OBJC_ARC = YES;
				CLANG_ENABLE_OBJC_WEAK = YES;
				CLANG_WARN_BLOCK_CAPTURE_AUTORELEASING = YES;
				CLANG_WARN_BOOL_CONVERSION = YES;
				CLANG_WARN_COMMA = YES;
				CLANG_WARN_CONSTANT_CONVERSION = YES;
				CLANG_WARN_DEPRECATED_OBJC_IMPLEMENTATIONS = YES;
				CLANG_WARN_DIRECT_OBJC_ISA_USAGE = YES_ERROR;
				CLANG_WARN_DOCUMENTATION_COMMENTS = YES;
				CLANG_WARN_EMPTY_BODY = YES;
				CLANG_WARN_ENUM_CONVERSION = YES;
				CLANG_WARN_INFINITE_RECURSION = YES;
				CLANG_WARN_INT_CONVERSION = YES;
				CLANG_WARN_NON_LITERAL_NULL_CONVERSION = YES;
				CLANG_WARN_OBJC_IMPLICIT_RETAIN_SELF = YES;
				CLANG_WARN_OBJC_LITERAL_CONVERSION = YES;
				CLANG_WARN_OBJC_ROOT_CLASS = YES_ERROR;
				CLANG_WARN_QUOTED_INCLUDE_IN_FRAMEWORK_HEADER = YES;
				CLANG_WARN_RANGE_LOOP_ANALYSIS = YES;
				CLANG_WARN_STRICT_PROTOTYPES = YES;
				CLANG_WARN_SUSPICIOUS_MOVE = YES;
				CLANG_WARN_UNGUARDED_AVAILABILITY = YES_AGGRESSIVE;
				CLANG_WARN_UNREACHABLE_CODE = YES;
				CLANG_WARN__DUPLICATE_METHOD_MATCH = YES;
				COPY_PHASE_STRIP = NO;
				DEBUG_INFORMATION_FORMAT = "dwarf-with-dsym";
				ENABLE_NS_ASSERTIONS = NO;
				ENABLE_STRICT_OBJC_MSGSEND = YES;
				ENABLE_USER_SCRIPT_SANDBOXING = YES;
				GCC_C_LANGUAGE_STANDARD = gnu17;
				GCC_NO_COMMON_BLOCKS = YES;
				GCC_WARN_64_TO_32_BIT_CONVERSION = YES;
				GCC_WARN_ABOUT_RETURN_TYPE = YES_ERROR;
				GCC_WARN_UNDECLARED_SELECTOR = YES;
				GCC_WARN_UNINITIALIZED_AUTOS = YES_AGGRESSIVE;
				GCC_WARN_UNUSED_FUNCTION = YES;
				GCC_WARN_UNUSED_VARIABLE = YES;
				IPHONEOS_DEPLOYMENT_TARGET = 17.2;
				LOCALIZATION_PREFERS_STRING_CATALOGS = YES;
				MTL_ENABLE_DEBUG_INFO = NO;
				MTL_FAST_MATH = YES;
				SDKROOT = iphoneos;
				SWIFT_COMPILATION_MODE = wholemodule;
				VALIDATE_PRODUCT = YES;
			};
			name = Release;
		};
		71C0B75B2BA11BA00080349A /* Debug */ = {
			isa = XCBuildConfiguration;
			buildSettings = {
				ASSETCATALOG_COMPILER_APPICON_NAME = AppIcon;
				ASSETCATALOG_COMPILER_GLOBAL_ACCENT_COLOR_NAME = AccentColor;
				CODE_SIGN_STYLE = Automatic;
				CURRENT_PROJECT_VERSION = 1;
				DEVELOPMENT_ASSET_PATHS = "\"LoveIsBlind/Preview Content\"";
				DEVELOPMENT_TEAM = BU499UN6DZ;
				ENABLE_PREVIEWS = YES;
				GENERATE_INFOPLIST_FILE = YES;
				INFOPLIST_KEY_UIApplicationSceneManifest_Generation = YES;
				INFOPLIST_KEY_UIApplicationSupportsIndirectInputEvents = YES;
				INFOPLIST_KEY_UILaunchScreen_Generation = YES;
				INFOPLIST_KEY_UISupportedInterfaceOrientations_iPad = "UIInterfaceOrientationPortrait UIInterfaceOrientationPortraitUpsideDown UIInterfaceOrientationLandscapeLeft UIInterfaceOrientationLandscapeRight";
				INFOPLIST_KEY_UISupportedInterfaceOrientations_iPhone = "UIInterfaceOrientationPortrait UIInterfaceOrientationLandscapeLeft UIInterfaceOrientationLandscapeRight";
				LD_RUNPATH_SEARCH_PATHS = (
					"$(inherited)",
					"@executable_path/Frameworks",
				);
				MARKETING_VERSION = 1.0;
				PRODUCT_BUNDLE_IDENTIFIER = com.nyaradzobere.LoveIsBlind;
				PRODUCT_NAME = "$(TARGET_NAME)";
				SWIFT_EMIT_LOC_STRINGS = YES;
				SWIFT_VERSION = 5.0;
				TARGETED_DEVICE_FAMILY = "1,2";
			};
			name = Debug;
		};
		71C0B75C2BA11BA00080349A /* Release */ = {
			isa = XCBuildConfiguration;
			buildSettings = {
				ASSETCATALOG_COMPILER_APPICON_NAME = AppIcon;
				ASSETCATALOG_COMPILER_GLOBAL_ACCENT_COLOR_NAME = AccentColor;
				CODE_SIGN_STYLE = Automatic;
				CURRENT_PROJECT_VERSION = 1;
				DEVELOPMENT_ASSET_PATHS = "\"LoveIsBlind/Preview Content\"";
				DEVELOPMENT_TEAM = BU499UN6DZ;
				ENABLE_PREVIEWS = YES;
				GENERATE_INFOPLIST_FILE = YES;
				INFOPLIST_KEY_UIApplicationSceneManifest_Generation = YES;
				INFOPLIST_KEY_UIApplicationSupportsIndirectInputEvents = YES;
				INFOPLIST_KEY_UILaunchScreen_Generation = YES;
				INFOPLIST_KEY_UISupportedInterfaceOrientations_iPad = "UIInterfaceOrientationPortrait UIInterfaceOrientationPortraitUpsideDown UIInterfaceOrientationLandscapeLeft UIInterfaceOrientationLandscapeRight";
				INFOPLIST_KEY_UISupportedInterfaceOrientations_iPhone = "UIInterfaceOrientationPortrait UIInterfaceOrientationLandscapeLeft UIInterfaceOrientationLandscapeRight";
				LD_RUNPATH_SEARCH_PATHS = (
					"$(inherited)",
					"@executable_path/Frameworks",
				);
				MARKETING_VERSION = 1.0;
				PRODUCT_BUNDLE_IDENTIFIER = com.nyaradzobere.LoveIsBlind;
				PRODUCT_NAME = "$(TARGET_NAME)";
				SWIFT_EMIT_LOC_STRINGS = YES;
				SWIFT_VERSION = 5.0;
				TARGETED_DEVICE_FAMILY = "1,2";
			};
			name = Release;
		};
		71C0B75E2BA11BA00080349A /* Debug */ = {
			isa = XCBuildConfiguration;
			buildSettings = {
				ALWAYS_EMBED_SWIFT_STANDARD_LIBRARIES = YES;
				BUNDLE_LOADER = "$(TEST_HOST)";
				CODE_SIGN_STYLE = Automatic;
				CURRENT_PROJECT_VERSION = 1;
				DEVELOPMENT_TEAM = BU499UN6DZ;
				GENERATE_INFOPLIST_FILE = YES;
				IPHONEOS_DEPLOYMENT_TARGET = 17.2;
				MARKETING_VERSION = 1.0;
				PRODUCT_BUNDLE_IDENTIFIER = com.nyaradzobere.LoveIsBlindTests;
				PRODUCT_NAME = "$(TARGET_NAME)";
				SWIFT_EMIT_LOC_STRINGS = NO;
				SWIFT_VERSION = 5.0;
				TARGETED_DEVICE_FAMILY = "1,2";
				TEST_HOST = "$(BUILT_PRODUCTS_DIR)/LoveIsBlind.app/$(BUNDLE_EXECUTABLE_FOLDER_PATH)/LoveIsBlind";
			};
			name = Debug;
		};
		71C0B75F2BA11BA00080349A /* Release */ = {
			isa = XCBuildConfiguration;
			buildSettings = {
				ALWAYS_EMBED_SWIFT_STANDARD_LIBRARIES = YES;
				BUNDLE_LOADER = "$(TEST_HOST)";
				CODE_SIGN_STYLE = Automatic;
				CURRENT_PROJECT_VERSION = 1;
				DEVELOPMENT_TEAM = BU499UN6DZ;
				GENERATE_INFOPLIST_FILE = YES;
				IPHONEOS_DEPLOYMENT_TARGET = 17.2;
				MARKETING_VERSION = 1.0;
				PRODUCT_BUNDLE_IDENTIFIER = com.nyaradzobere.LoveIsBlindTests;
				PRODUCT_NAME = "$(TARGET_NAME)";
				SWIFT_EMIT_LOC_STRINGS = NO;
				SWIFT_VERSION = 5.0;
				TARGETED_DEVICE_FAMILY = "1,2";
				TEST_HOST = "$(BUILT_PRODUCTS_DIR)/LoveIsBlind.app/$(BUNDLE_EXECUTABLE_FOLDER_PATH)/LoveIsBlind";
			};
			name = Release;
		};
		71C0B7612BA11BA00080349A /* Debug */ = {
			isa = XCBuildConfiguration;
			buildSettings = {
				ALWAYS_EMBED_SWIFT_STANDARD_LIBRARIES = YES;
				CODE_SIGN_STYLE = Automatic;
				CURRENT_PROJECT_VERSION = 1;
				DEVELOPMENT_TEAM = BU499UN6DZ;
				GENERATE_INFOPLIST_FILE = YES;
				MARKETING_VERSION = 1.0;
				PRODUCT_BUNDLE_IDENTIFIER = com.nyaradzobere.LoveIsBlindUITests;
				PRODUCT_NAME = "$(TARGET_NAME)";
				SWIFT_EMIT_LOC_STRINGS = NO;
				SWIFT_VERSION = 5.0;
				TARGETED_DEVICE_FAMILY = "1,2";
				TEST_TARGET_NAME = LoveIsBlind;
			};
			name = Debug;
		};
		71C0B7622BA11BA00080349A /* Release */ = {
			isa = XCBuildConfiguration;
			buildSettings = {
				ALWAYS_EMBED_SWIFT_STANDARD_LIBRARIES = YES;
				CODE_SIGN_STYLE = Automatic;
				CURRENT_PROJECT_VERSION = 1;
				DEVELOPMENT_TEAM = BU499UN6DZ;
				GENERATE_INFOPLIST_FILE = YES;
				MARKETING_VERSION = 1.0;
				PRODUCT_BUNDLE_IDENTIFIER = com.nyaradzobere.LoveIsBlindUITests;
				PRODUCT_NAME = "$(TARGET_NAME)";
				SWIFT_EMIT_LOC_STRINGS = NO;
				SWIFT_VERSION = 5.0;
				TARGETED_DEVICE_FAMILY = "1,2";
				TEST_TARGET_NAME = LoveIsBlind;
			};
			name = Release;
		};
/* End XCBuildConfiguration section */

/* Begin XCConfigurationList section */
		71C0B7312BA11B9C0080349A /* Build configuration list for PBXProject "LoveIsBlind" */ = {
			isa = XCConfigurationList;
			buildConfigurations = (
				71C0B7582BA11BA00080349A /* Debug */,
				71C0B7592BA11BA00080349A /* Release */,
			);
			defaultConfigurationIsVisible = 0;
			defaultConfigurationName = Release;
		};
		71C0B75A2BA11BA00080349A /* Build configuration list for PBXNativeTarget "LoveIsBlind" */ = {
			isa = XCConfigurationList;
			buildConfigurations = (
				71C0B75B2BA11BA00080349A /* Debug */,
				71C0B75C2BA11BA00080349A /* Release */,
			);
			defaultConfigurationIsVisible = 0;
			defaultConfigurationName = Release;
		};
		71C0B75D2BA11BA00080349A /* Build configuration list for PBXNativeTarget "LoveIsBlindTests" */ = {
			isa = XCConfigurationList;
			buildConfigurations = (
				71C0B75E2BA11BA00080349A /* Debug */,
				71C0B75F2BA11BA00080349A /* Release */,
			);
			defaultConfigurationIsVisible = 0;
			defaultConfigurationName = Release;
		};
		71C0B7602BA11BA00080349A /* Build configuration list for PBXNativeTarget "LoveIsBlindUITests" */ = {
			isa = XCConfigurationList;
			buildConfigurations = (
				71C0B7612BA11BA00080349A /* Debug */,
				71C0B7622BA11BA00080349A /* Release */,
			);
			defaultConfigurationIsVisible = 0;
			defaultConfigurationName = Release;
		};
/* End XCConfigurationList section */

/* Begin XCRemoteSwiftPackageReference section */
		71C0B7652BA11D640080349A /* XCRemoteSwiftPackageReference "firebase-ios-sdk" */ = {
			isa = XCRemoteSwiftPackageReference;
			repositoryURL = "https://github.com/firebase/firebase-ios-sdk.git";
			requirement = {
				kind = upToNextMajorVersion;
				minimumVersion = 10.22.1;
			};
		};
/* End XCRemoteSwiftPackageReference section */

/* Begin XCSwiftPackageProductDependency section */
		71C0B7662BA11D640080349A /* FirebaseAnalytics */ = {
			isa = XCSwiftPackageProductDependency;
			package = 71C0B7652BA11D640080349A /* XCRemoteSwiftPackageReference "firebase-ios-sdk" */;
			productName = FirebaseAnalytics;
		};
		71C0B7682BA11D640080349A /* FirebaseAnalyticsOnDeviceConversion */ = {
			isa = XCSwiftPackageProductDependency;
			package = 71C0B7652BA11D640080349A /* XCRemoteSwiftPackageReference "firebase-ios-sdk" */;
			productName = FirebaseAnalyticsOnDeviceConversion;
		};
		71C0B76A2BA11D640080349A /* FirebaseAnalyticsWithoutAdIdSupport */ = {
			isa = XCSwiftPackageProductDependency;
			package = 71C0B7652BA11D640080349A /* XCRemoteSwiftPackageReference "firebase-ios-sdk" */;
			productName = FirebaseAnalyticsWithoutAdIdSupport;
		};
		71C0B76C2BA11D640080349A /* FirebaseAuth */ = {
			isa = XCSwiftPackageProductDependency;
			package = 71C0B7652BA11D640080349A /* XCRemoteSwiftPackageReference "firebase-ios-sdk" */;
			productName = FirebaseAuth;
		};
		71C0B76E2BA11D640080349A /* FirebaseAuthCombine-Community */ = {
			isa = XCSwiftPackageProductDependency;
			package = 71C0B7652BA11D640080349A /* XCRemoteSwiftPackageReference "firebase-ios-sdk" */;
			productName = "FirebaseAuthCombine-Community";
		};
		71C0B7702BA11D640080349A /* FirebaseDatabase */ = {
			isa = XCSwiftPackageProductDependency;
			package = 71C0B7652BA11D640080349A /* XCRemoteSwiftPackageReference "firebase-ios-sdk" */;
			productName = FirebaseDatabase;
		};
		71C0B7722BA11D640080349A /* FirebaseDatabaseSwift */ = {
			isa = XCSwiftPackageProductDependency;
			package = 71C0B7652BA11D640080349A /* XCRemoteSwiftPackageReference "firebase-ios-sdk" */;
			productName = FirebaseDatabaseSwift;
		};
		71C0B7742BA11D640080349A /* FirebaseFirestore */ = {
			isa = XCSwiftPackageProductDependency;
			package = 71C0B7652BA11D640080349A /* XCRemoteSwiftPackageReference "firebase-ios-sdk" */;
			productName = FirebaseFirestore;
		};
		71C0B7762BA11D640080349A /* FirebaseFirestoreCombine-Community */ = {
			isa = XCSwiftPackageProductDependency;
			package = 71C0B7652BA11D640080349A /* XCRemoteSwiftPackageReference "firebase-ios-sdk" */;
			productName = "FirebaseFirestoreCombine-Community";
		};
		71C0B7782BA11D640080349A /* FirebaseFirestoreSwift */ = {
			isa = XCSwiftPackageProductDependency;
			package = 71C0B7652BA11D640080349A /* XCRemoteSwiftPackageReference "firebase-ios-sdk" */;
			productName = FirebaseFirestoreSwift;
		};
		71C0B77A2BA11D640080349A /* FirebaseInAppMessaging-Beta */ = {
			isa = XCSwiftPackageProductDependency;
			package = 71C0B7652BA11D640080349A /* XCRemoteSwiftPackageReference "firebase-ios-sdk" */;
			productName = "FirebaseInAppMessaging-Beta";
		};
		71C0B77C2BA11D640080349A /* FirebaseInAppMessagingSwift-Beta */ = {
			isa = XCSwiftPackageProductDependency;
			package = 71C0B7652BA11D640080349A /* XCRemoteSwiftPackageReference "firebase-ios-sdk" */;
			productName = "FirebaseInAppMessagingSwift-Beta";
		};
		71C0B77E2BA11D640080349A /* FirebaseMessaging */ = {
			isa = XCSwiftPackageProductDependency;
			package = 71C0B7652BA11D640080349A /* XCRemoteSwiftPackageReference "firebase-ios-sdk" */;
			productName = FirebaseMessaging;
		};
		71C0B7802BA11D640080349A /* FirebaseStorage */ = {
			isa = XCSwiftPackageProductDependency;
			package = 71C0B7652BA11D640080349A /* XCRemoteSwiftPackageReference "firebase-ios-sdk" */;
			productName = FirebaseStorage;
		};
		71C0B7822BA11D640080349A /* FirebaseStorageCombine-Community */ = {
			isa = XCSwiftPackageProductDependency;
			package = 71C0B7652BA11D640080349A /* XCRemoteSwiftPackageReference "firebase-ios-sdk" */;
			productName = "FirebaseStorageCombine-Community";
		};
/* End XCSwiftPackageProductDependency section */
	};
	rootObject = 71C0B72E2BA11B9C0080349A /* Project object */;
}
